// !$*UTF8*$!
{
	archiveVersion = 1;
	classes = {
	};
	objectVersion = 46;
	objects = {

/* Begin PBXBuildFile section */
		0463B0891E5D67EA00E6985C /* 576485.jpg in Resources */ = {isa = PBXBuildFile; fileRef = 0463B0881E5D67EA00E6985C /* 576485.jpg */; };
		0463B08C1E5D8DC100E6985C /* MBProgressHUD.m in Sources */ = {isa = PBXBuildFile; fileRef = 0463B08B1E5D8DC100E6985C /* MBProgressHUD.m */; };
		CE06E0051DE3EA800075CD00 /* main.m in Sources */ = {isa = PBXBuildFile; fileRef = CE06E0041DE3EA800075CD00 /* main.m */; };
		CE06E0081DE3EA800075CD00 /* AppDelegate.m in Sources */ = {isa = PBXBuildFile; fileRef = CE06E0071DE3EA800075CD00 /* AppDelegate.m */; };
		CE06E00B1DE3EA800075CD00 /* ViewController.m in Sources */ = {isa = PBXBuildFile; fileRef = CE06E00A1DE3EA800075CD00 /* ViewController.m */; };
		CE06E00E1DE3EA800075CD00 /* Main.storyboard in Resources */ = {isa = PBXBuildFile; fileRef = CE06E00C1DE3EA800075CD00 /* Main.storyboard */; };
		CE06E0111DE3EA800075CD00 /* _.xcdatamodeld in Sources */ = {isa = PBXBuildFile; fileRef = CE06E00F1DE3EA800075CD00 /* _.xcdatamodeld */; };
		CE06E0131DE3EA800075CD00 /* Assets.xcassets in Resources */ = {isa = PBXBuildFile; fileRef = CE06E0121DE3EA800075CD00 /* Assets.xcassets */; };
		CE06E0161DE3EA800075CD00 /* LaunchScreen.storyboard in Resources */ = {isa = PBXBuildFile; fileRef = CE06E0141DE3EA800075CD00 /* LaunchScreen.storyboard */; };
		CE06E0211DE3EA800075CD00 /* _Tests.m in Sources */ = {isa = PBXBuildFile; fileRef = CE06E0201DE3EA800075CD00 /* _Tests.m */; };
		CE06E02C1DE3EA800075CD00 /* _UITests.m in Sources */ = {isa = PBXBuildFile; fileRef = CE06E02B1DE3EA800075CD00 /* _UITests.m */; };
		CE06E0461DE3ED780075CD00 /* DBManager.m in Sources */ = {isa = PBXBuildFile; fileRef = CE06E03A1DE3ED780075CD00 /* DBManager.m */; };
		CE06E0471DE3ED780075CD00 /* FMDatabase.m in Sources */ = {isa = PBXBuildFile; fileRef = CE06E03C1DE3ED780075CD00 /* FMDatabase.m */; };
		CE06E0481DE3ED780075CD00 /* FMDatabaseAdditions.m in Sources */ = {isa = PBXBuildFile; fileRef = CE06E03E1DE3ED780075CD00 /* FMDatabaseAdditions.m */; };
		CE06E0491DE3ED780075CD00 /* FMDatabasePool.m in Sources */ = {isa = PBXBuildFile; fileRef = CE06E0401DE3ED780075CD00 /* FMDatabasePool.m */; };
		CE06E04A1DE3ED780075CD00 /* FMDatabaseQueue.m in Sources */ = {isa = PBXBuildFile; fileRef = CE06E0421DE3ED780075CD00 /* FMDatabaseQueue.m */; };
		CE06E04B1DE3ED780075CD00 /* FMResultSet.m in Sources */ = {isa = PBXBuildFile; fileRef = CE06E0451DE3ED780075CD00 /* FMResultSet.m */; };
		CE06E04E1DE3EDA10075CD00 /* contentModel.m in Sources */ = {isa = PBXBuildFile; fileRef = CE06E04D1DE3EDA10075CD00 /* contentModel.m */; };
		CE06E0501DE3F08D0075CD00 /* libsqlite3.tbd in Frameworks */ = {isa = PBXBuildFile; fileRef = CE06E04F1DE3F08D0075CD00 /* libsqlite3.tbd */; };
		CE34C31F1DFE9744006728E3 /* SecondViewController.m in Sources */ = {isa = PBXBuildFile; fileRef = CE34C31D1DFE9744006728E3 /* SecondViewController.m */; };
		CE34C3201DFE9744006728E3 /* SecondViewController.xib in Resources */ = {isa = PBXBuildFile; fileRef = CE34C31E1DFE9744006728E3 /* SecondViewController.xib */; };
		CE34C3241DFE9757006728E3 /* ThirdViewController.m in Sources */ = {isa = PBXBuildFile; fileRef = CE34C3221DFE9757006728E3 /* ThirdViewController.m */; };
		CE34C3251DFE9757006728E3 /* ThirdViewController.xib in Resources */ = {isa = PBXBuildFile; fileRef = CE34C3231DFE9757006728E3 /* ThirdViewController.xib */; };
		CE34C3291DFE9766006728E3 /* FourthViewController.m in Sources */ = {isa = PBXBuildFile; fileRef = CE34C3271DFE9766006728E3 /* FourthViewController.m */; };
		CE34C32A1DFE9766006728E3 /* FourthViewController.xib in Resources */ = {isa = PBXBuildFile; fileRef = CE34C3281DFE9766006728E3 /* FourthViewController.xib */; };
/* End PBXBuildFile section */

/* Begin PBXContainerItemProxy section */
		CE06E01D1DE3EA800075CD00 /* PBXContainerItemProxy */ = {
			isa = PBXContainerItemProxy;
			containerPortal = CE06DFF81DE3EA800075CD00 /* Project object */;
			proxyType = 1;
			remoteGlobalIDString = CE06DFFF1DE3EA800075CD00;
			remoteInfo = "集";
		};
		CE06E0281DE3EA800075CD00 /* PBXContainerItemProxy */ = {
			isa = PBXContainerItemProxy;
			containerPortal = CE06DFF81DE3EA800075CD00 /* Project object */;
			proxyType = 1;
			remoteGlobalIDString = CE06DFFF1DE3EA800075CD00;
			remoteInfo = "集";
		};
/* End PBXContainerItemProxy section */

/* Begin PBXFileReference section */
		0463B0881E5D67EA00E6985C /* 576485.jpg */ = {isa = PBXFileReference; lastKnownFileType = image.jpeg; path = 576485.jpg; sourceTree = "<group>"; };
		0463B08A1E5D8DC100E6985C /* MBProgressHUD.h */ = {isa = PBXFileReference; fileEncoding = 4; lastKnownFileType = sourcecode.c.h; path = MBProgressHUD.h; sourceTree = "<group>"; };
		0463B08B1E5D8DC100E6985C /* MBProgressHUD.m */ = {isa = PBXFileReference; fileEncoding = 4; lastKnownFileType = sourcecode.c.objc; path = MBProgressHUD.m; sourceTree = "<group>"; };
		CE06E0001DE3EA800075CD00 /* 集.app */ = {isa = PBXFileReference; explicitFileType = wrapper.application; includeInIndex = 0; path = "集.app"; sourceTree = BUILT_PRODUCTS_DIR; };
		CE06E0041DE3EA800075CD00 /* main.m */ = {isa = PBXFileReference; lastKnownFileType = sourcecode.c.objc; path = main.m; sourceTree = "<group>"; };
		CE06E0061DE3EA800075CD00 /* AppDelegate.h */ = {isa = PBXFileReference; lastKnownFileType = sourcecode.c.h; path = AppDelegate.h; sourceTree = "<group>"; };
		CE06E0071DE3EA800075CD00 /* AppDelegate.m */ = {isa = PBXFileReference; lastKnownFileType = sourcecode.c.objc; path = AppDelegate.m; sourceTree = "<group>"; };
		CE06E0091DE3EA800075CD00 /* ViewController.h */ = {isa = PBXFileReference; lastKnownFileType = sourcecode.c.h; path = ViewController.h; sourceTree = "<group>"; };
		CE06E00A1DE3EA800075CD00 /* ViewController.m */ = {isa = PBXFileReference; lastKnownFileType = sourcecode.c.objc; path = ViewController.m; sourceTree = "<group>"; };
		CE06E00D1DE3EA800075CD00 /* Base */ = {isa = PBXFileReference; lastKnownFileType = file.storyboard; name = Base; path = Base.lproj/Main.storyboard; sourceTree = "<group>"; };
		CE06E0101DE3EA800075CD00 /* _.xcdatamodel */ = {isa = PBXFileReference; lastKnownFileType = wrapper.xcdatamodel; path = _.xcdatamodel; sourceTree = "<group>"; };
		CE06E0121DE3EA800075CD00 /* Assets.xcassets */ = {isa = PBXFileReference; lastKnownFileType = folder.assetcatalog; path = Assets.xcassets; sourceTree = "<group>"; };
		CE06E0151DE3EA800075CD00 /* Base */ = {isa = PBXFileReference; lastKnownFileType = file.storyboard; name = Base; path = Base.lproj/LaunchScreen.storyboard; sourceTree = "<group>"; };
		CE06E0171DE3EA800075CD00 /* Info.plist */ = {isa = PBXFileReference; lastKnownFileType = text.plist.xml; path = Info.plist; sourceTree = "<group>"; };
		CE06E01C1DE3EA800075CD00 /* 集Tests.xctest */ = {isa = PBXFileReference; explicitFileType = wrapper.cfbundle; includeInIndex = 0; path = "集Tests.xctest"; sourceTree = BUILT_PRODUCTS_DIR; };
		CE06E0201DE3EA800075CD00 /* _Tests.m */ = {isa = PBXFileReference; lastKnownFileType = sourcecode.c.objc; path = _Tests.m; sourceTree = "<group>"; };
		CE06E0221DE3EA800075CD00 /* Info.plist */ = {isa = PBXFileReference; lastKnownFileType = text.plist.xml; path = Info.plist; sourceTree = "<group>"; };
		CE06E0271DE3EA800075CD00 /* 集UITests.xctest */ = {isa = PBXFileReference; explicitFileType = wrapper.cfbundle; includeInIndex = 0; path = "集UITests.xctest"; sourceTree = BUILT_PRODUCTS_DIR; };
		CE06E02B1DE3EA800075CD00 /* _UITests.m */ = {isa = PBXFileReference; lastKnownFileType = sourcecode.c.objc; path = _UITests.m; sourceTree = "<group>"; };
		CE06E02D1DE3EA800075CD00 /* Info.plist */ = {isa = PBXFileReference; lastKnownFileType = text.plist.xml; path = Info.plist; sourceTree = "<group>"; };
		CE06E0391DE3ED780075CD00 /* DBManager.h */ = {isa = PBXFileReference; fileEncoding = 4; lastKnownFileType = sourcecode.c.h; path = DBManager.h; sourceTree = "<group>"; };
		CE06E03A1DE3ED780075CD00 /* DBManager.m */ = {isa = PBXFileReference; fileEncoding = 4; lastKnownFileType = sourcecode.c.objc; path = DBManager.m; sourceTree = "<group>"; };
		CE06E03B1DE3ED780075CD00 /* FMDatabase.h */ = {isa = PBXFileReference; fileEncoding = 4; lastKnownFileType = sourcecode.c.h; path = FMDatabase.h; sourceTree = "<group>"; };
		CE06E03C1DE3ED780075CD00 /* FMDatabase.m */ = {isa = PBXFileReference; fileEncoding = 4; lastKnownFileType = sourcecode.c.objc; path = FMDatabase.m; sourceTree = "<group>"; };
		CE06E03D1DE3ED780075CD00 /* FMDatabaseAdditions.h */ = {isa = PBXFileReference; fileEncoding = 4; lastKnownFileType = sourcecode.c.h; path = FMDatabaseAdditions.h; sourceTree = "<group>"; };
		CE06E03E1DE3ED780075CD00 /* FMDatabaseAdditions.m */ = {isa = PBXFileReference; fileEncoding = 4; lastKnownFileType = sourcecode.c.objc; path = FMDatabaseAdditions.m; sourceTree = "<group>"; };
		CE06E03F1DE3ED780075CD00 /* FMDatabasePool.h */ = {isa = PBXFileReference; fileEncoding = 4; lastKnownFileType = sourcecode.c.h; path = FMDatabasePool.h; sourceTree = "<group>"; };
		CE06E0401DE3ED780075CD00 /* FMDatabasePool.m */ = {isa = PBXFileReference; fileEncoding = 4; lastKnownFileType = sourcecode.c.objc; path = FMDatabasePool.m; sourceTree = "<group>"; };
		CE06E0411DE3ED780075CD00 /* FMDatabaseQueue.h */ = {isa = PBXFileReference; fileEncoding = 4; lastKnownFileType = sourcecode.c.h; path = FMDatabaseQueue.h; sourceTree = "<group>"; };
		CE06E0421DE3ED780075CD00 /* FMDatabaseQueue.m */ = {isa = PBXFileReference; fileEncoding = 4; lastKnownFileType = sourcecode.c.objc; path = FMDatabaseQueue.m; sourceTree = "<group>"; };
		CE06E0431DE3ED780075CD00 /* FMDB.h */ = {isa = PBXFileReference; fileEncoding = 4; lastKnownFileType = sourcecode.c.h; path = FMDB.h; sourceTree = "<group>"; };
		CE06E0441DE3ED780075CD00 /* FMResultSet.h */ = {isa = PBXFileReference; fileEncoding = 4; lastKnownFileType = sourcecode.c.h; path = FMResultSet.h; sourceTree = "<group>"; };
		CE06E0451DE3ED780075CD00 /* FMResultSet.m */ = {isa = PBXFileReference; fileEncoding = 4; lastKnownFileType = sourcecode.c.objc; path = FMResultSet.m; sourceTree = "<group>"; };
		CE06E04C1DE3EDA10075CD00 /* contentModel.h */ = {isa = PBXFileReference; fileEncoding = 4; lastKnownFileType = sourcecode.c.h; path = contentModel.h; sourceTree = "<group>"; };
		CE06E04D1DE3EDA10075CD00 /* contentModel.m */ = {isa = PBXFileReference; fileEncoding = 4; lastKnownFileType = sourcecode.c.objc; path = contentModel.m; sourceTree = "<group>"; };
		CE06E04F1DE3F08D0075CD00 /* libsqlite3.tbd */ = {isa = PBXFileReference; lastKnownFileType = "sourcecode.text-based-dylib-definition"; name = libsqlite3.tbd; path = usr/lib/libsqlite3.tbd; sourceTree = SDKROOT; };
		CE34C31C1DFE9744006728E3 /* SecondViewController.h */ = {isa = PBXFileReference; fileEncoding = 4; lastKnownFileType = sourcecode.c.h; path = SecondViewController.h; sourceTree = "<group>"; };
		CE34C31D1DFE9744006728E3 /* SecondViewController.m */ = {isa = PBXFileReference; fileEncoding = 4; lastKnownFileType = sourcecode.c.objc; path = SecondViewController.m; sourceTree = "<group>"; };
		CE34C31E1DFE9744006728E3 /* SecondViewController.xib */ = {isa = PBXFileReference; fileEncoding = 4; lastKnownFileType = file.xib; path = SecondViewController.xib; sourceTree = "<group>"; };
		CE34C3211DFE9757006728E3 /* ThirdViewController.h */ = {isa = PBXFileReference; fileEncoding = 4; lastKnownFileType = sourcecode.c.h; path = ThirdViewController.h; sourceTree = "<group>"; };
		CE34C3221DFE9757006728E3 /* ThirdViewController.m */ = {isa = PBXFileReference; fileEncoding = 4; lastKnownFileType = sourcecode.c.objc; path = ThirdViewController.m; sourceTree = "<group>"; };
		CE34C3231DFE9757006728E3 /* ThirdViewController.xib */ = {isa = PBXFileReference; fileEncoding = 4; lastKnownFileType = file.xib; path = ThirdViewController.xib; sourceTree = "<group>"; };
		CE34C3261DFE9766006728E3 /* FourthViewController.h */ = {isa = PBXFileReference; fileEncoding = 4; lastKnownFileType = sourcecode.c.h; path = FourthViewController.h; sourceTree = "<group>"; };
		CE34C3271DFE9766006728E3 /* FourthViewController.m */ = {isa = PBXFileReference; fileEncoding = 4; lastKnownFileType = sourcecode.c.objc; path = FourthViewController.m; sourceTree = "<group>"; };
		CE34C3281DFE9766006728E3 /* FourthViewController.xib */ = {isa = PBXFileReference; fileEncoding = 4; lastKnownFileType = file.xib; path = FourthViewController.xib; sourceTree = "<group>"; };
/* End PBXFileReference section */

/* Begin PBXFrameworksBuildPhase section */
		CE06DFFD1DE3EA800075CD00 /* Frameworks */ = {
			isa = PBXFrameworksBuildPhase;
			buildActionMask = 2147483647;
			files = (
				CE06E0501DE3F08D0075CD00 /* libsqlite3.tbd in Frameworks */,
			);
			runOnlyForDeploymentPostprocessing = 0;
		};
		CE06E0191DE3EA800075CD00 /* Frameworks */ = {
			isa = PBXFrameworksBuildPhase;
			buildActionMask = 2147483647;
			files = (
			);
			runOnlyForDeploymentPostprocessing = 0;
		};
		CE06E0241DE3EA800075CD00 /* Frameworks */ = {
			isa = PBXFrameworksBuildPhase;
			buildActionMask = 2147483647;
			files = (
			);
			runOnlyForDeploymentPostprocessing = 0;
		};
/* End PBXFrameworksBuildPhase section */

/* Begin PBXGroup section */
		CE06DFF71DE3EA800075CD00 = {
			isa = PBXGroup;
			children = (
				CE06E04F1DE3F08D0075CD00 /* libsqlite3.tbd */,
				CE06E0021DE3EA800075CD00 /* 集 */,
				CE06E01F1DE3EA800075CD00 /* 集Tests */,
				CE06E02A1DE3EA800075CD00 /* 集UITests */,
				CE06E0011DE3EA800075CD00 /* Products */,
			);
			sourceTree = "<group>";
		};
		CE06E0011DE3EA800075CD00 /* Products */ = {
			isa = PBXGroup;
			children = (
				CE06E0001DE3EA800075CD00 /* 集.app */,
				CE06E01C1DE3EA800075CD00 /* 集Tests.xctest */,
				CE06E0271DE3EA800075CD00 /* 集UITests.xctest */,
			);
			name = Products;
			sourceTree = "<group>";
		};
		CE06E0021DE3EA800075CD00 /* 集 */ = {
			isa = PBXGroup;
			children = (
				0463B08A1E5D8DC100E6985C /* MBProgressHUD.h */,
				0463B08B1E5D8DC100E6985C /* MBProgressHUD.m */,
				CE06E0061DE3EA800075CD00 /* AppDelegate.h */,
				CE06E0071DE3EA800075CD00 /* AppDelegate.m */,
				CE06E0091DE3EA800075CD00 /* ViewController.h */,
				CE06E00A1DE3EA800075CD00 /* ViewController.m */,
				CE06E00C1DE3EA800075CD00 /* Main.storyboard */,
				CE06E04C1DE3EDA10075CD00 /* contentModel.h */,
				CE06E04D1DE3EDA10075CD00 /* contentModel.m */,
				CE06E0391DE3ED780075CD00 /* DBManager.h */,
				CE06E03A1DE3ED780075CD00 /* DBManager.m */,
				CE06E03B1DE3ED780075CD00 /* FMDatabase.h */,
				CE06E03C1DE3ED780075CD00 /* FMDatabase.m */,
				CE06E03D1DE3ED780075CD00 /* FMDatabaseAdditions.h */,
				CE06E03E1DE3ED780075CD00 /* FMDatabaseAdditions.m */,
				CE06E03F1DE3ED780075CD00 /* FMDatabasePool.h */,
				CE06E0401DE3ED780075CD00 /* FMDatabasePool.m */,
				CE06E0411DE3ED780075CD00 /* FMDatabaseQueue.h */,
				CE06E0421DE3ED780075CD00 /* FMDatabaseQueue.m */,
				CE06E0431DE3ED780075CD00 /* FMDB.h */,
				CE06E0441DE3ED780075CD00 /* FMResultSet.h */,
				CE06E0451DE3ED780075CD00 /* FMResultSet.m */,
				0463B0881E5D67EA00E6985C /* 576485.jpg */,
				CE06E0121DE3EA800075CD00 /* Assets.xcassets */,
				CE06E0141DE3EA800075CD00 /* LaunchScreen.storyboard */,
				CE06E0171DE3EA800075CD00 /* Info.plist */,
				CE06E00F1DE3EA800075CD00 /* _.xcdatamodeld */,
				CE06E0031DE3EA800075CD00 /* Supporting Files */,
				CE34C31C1DFE9744006728E3 /* SecondViewController.h */,
				CE34C31D1DFE9744006728E3 /* SecondViewController.m */,
				CE34C31E1DFE9744006728E3 /* SecondViewController.xib */,
				CE34C3211DFE9757006728E3 /* ThirdViewController.h */,
				CE34C3221DFE9757006728E3 /* ThirdViewController.m */,
				CE34C3231DFE9757006728E3 /* ThirdViewController.xib */,
				CE34C3261DFE9766006728E3 /* FourthViewController.h */,
				CE34C3271DFE9766006728E3 /* FourthViewController.m */,
				CE34C3281DFE9766006728E3 /* FourthViewController.xib */,
			);
			path = "集";
			sourceTree = "<group>";
		};
		CE06E0031DE3EA800075CD00 /* Supporting Files */ = {
			isa = PBXGroup;
			children = (
				CE06E0041DE3EA800075CD00 /* main.m */,
			);
			name = "Supporting Files";
			sourceTree = "<group>";
		};
		CE06E01F1DE3EA800075CD00 /* 集Tests */ = {
			isa = PBXGroup;
			children = (
				CE06E0201DE3EA800075CD00 /* _Tests.m */,
				CE06E0221DE3EA800075CD00 /* Info.plist */,
			);
			path = "集Tests";
			sourceTree = "<group>";
		};
		CE06E02A1DE3EA800075CD00 /* 集UITests */ = {
			isa = PBXGroup;
			children = (
				CE06E02B1DE3EA800075CD00 /* _UITests.m */,
				CE06E02D1DE3EA800075CD00 /* Info.plist */,
			);
			path = "集UITests";
			sourceTree = "<group>";
		};
/* End PBXGroup section */

/* Begin PBXNativeTarget section */
		CE06DFFF1DE3EA800075CD00 /* 集 */ = {
			isa = PBXNativeTarget;
			buildConfigurationList = CE06E0301DE3EA800075CD00 /* Build configuration list for PBXNativeTarget "集" */;
			buildPhases = (
				CE06DFFC1DE3EA800075CD00 /* Sources */,
				CE06DFFD1DE3EA800075CD00 /* Frameworks */,
				CE06DFFE1DE3EA800075CD00 /* Resources */,
			);
			buildRules = (
			);
			dependencies = (
			);
			name = "集";
			productName = "集";
			productReference = CE06E0001DE3EA800075CD00 /* 集.app */;
			productType = "com.apple.product-type.application";
		};
		CE06E01B1DE3EA800075CD00 /* 集Tests */ = {
			isa = PBXNativeTarget;
			buildConfigurationList = CE06E0331DE3EA800075CD00 /* Build configuration list for PBXNativeTarget "集Tests" */;
			buildPhases = (
				CE06E0181DE3EA800075CD00 /* Sources */,
				CE06E0191DE3EA800075CD00 /* Frameworks */,
				CE06E01A1DE3EA800075CD00 /* Resources */,
			);
			buildRules = (
			);
			dependencies = (
				CE06E01E1DE3EA800075CD00 /* PBXTargetDependency */,
			);
			name = "集Tests";
			productName = "集Tests";
			productReference = CE06E01C1DE3EA800075CD00 /* 集Tests.xctest */;
			productType = "com.apple.product-type.bundle.unit-test";
		};
		CE06E0261DE3EA800075CD00 /* 集UITests */ = {
			isa = PBXNativeTarget;
			buildConfigurationList = CE06E0361DE3EA800075CD00 /* Build configuration list for PBXNativeTarget "集UITests" */;
			buildPhases = (
				CE06E0231DE3EA800075CD00 /* Sources */,
				CE06E0241DE3EA800075CD00 /* Frameworks */,
				CE06E0251DE3EA800075CD00 /* Resources */,
			);
			buildRules = (
			);
			dependencies = (
				CE06E0291DE3EA800075CD00 /* PBXTargetDependency */,
			);
			name = "集UITests";
			productName = "集UITests";
			productReference = CE06E0271DE3EA800075CD00 /* 集UITests.xctest */;
			productType = "com.apple.product-type.bundle.ui-testing";
		};
/* End PBXNativeTarget section */

/* Begin PBXProject section */
		CE06DFF81DE3EA800075CD00 /* Project object */ = {
			isa = PBXProject;
			attributes = {
				LastUpgradeCheck = 0730;
				ORGANIZATIONNAME = ljh;
				TargetAttributes = {
					CE06DFFF1DE3EA800075CD00 = {
						CreatedOnToolsVersion = 7.3.1;
						DevelopmentTeam = 8P6YYQ7PPB;
					};
					CE06E01B1DE3EA800075CD00 = {
						CreatedOnToolsVersion = 7.3.1;
						TestTargetID = CE06DFFF1DE3EA800075CD00;
					};
					CE06E0261DE3EA800075CD00 = {
						CreatedOnToolsVersion = 7.3.1;
						TestTargetID = CE06DFFF1DE3EA800075CD00;
					};
				};
			};
			buildConfigurationList = CE06DFFB1DE3EA800075CD00 /* Build configuration list for PBXProject "集" */;
			compatibilityVersion = "Xcode 3.2";
			developmentRegion = English;
			hasScannedForEncodings = 0;
			knownRegions = (
				en,
				Base,
			);
			mainGroup = CE06DFF71DE3EA800075CD00;
			productRefGroup = CE06E0011DE3EA800075CD00 /* Products */;
			projectDirPath = "";
			projectRoot = "";
			targets = (
				CE06DFFF1DE3EA800075CD00 /* 集 */,
				CE06E01B1DE3EA800075CD00 /* 集Tests */,
				CE06E0261DE3EA800075CD00 /* 集UITests */,
			);
		};
/* End PBXProject section */

/* Begin PBXResourcesBuildPhase section */
		CE06DFFE1DE3EA800075CD00 /* Resources */ = {
			isa = PBXResourcesBuildPhase;
			buildActionMask = 2147483647;
			files = (
				CE34C3201DFE9744006728E3 /* SecondViewController.xib in Resources */,
				CE06E0161DE3EA800075CD00 /* LaunchScreen.storyboard in Resources */,
				CE06E0131DE3EA800075CD00 /* Assets.xcassets in Resources */,
				CE34C3251DFE9757006728E3 /* ThirdViewController.xib in Resources */,
				0463B0891E5D67EA00E6985C /* 576485.jpg in Resources */,
				CE34C32A1DFE9766006728E3 /* FourthViewController.xib in Resources */,
				CE06E00E1DE3EA800075CD00 /* Main.storyboard in Resources */,
			);
			runOnlyForDeploymentPostprocessing = 0;
		};
		CE06E01A1DE3EA800075CD00 /* Resources */ = {
			isa = PBXResourcesBuildPhase;
			buildActionMask = 2147483647;
			files = (
			);
			runOnlyForDeploymentPostprocessing = 0;
		};
		CE06E0251DE3EA800075CD00 /* Resources */ = {
			isa = PBXResourcesBuildPhase;
			buildActionMask = 2147483647;
			files = (
			);
			runOnlyForDeploymentPostprocessing = 0;
		};
/* End PBXResourcesBuildPhase section */

/* Begin PBXSourcesBuildPhase section */
		CE06DFFC1DE3EA800075CD00 /* Sources */ = {
			isa = PBXSourcesBuildPhase;
			buildActionMask = 2147483647;
			files = (
				CE34C31F1DFE9744006728E3 /* SecondViewController.m in Sources */,
				CE34C3241DFE9757006728E3 /* ThirdViewController.m in Sources */,
				CE06E04E1DE3EDA10075CD00 /* contentModel.m in Sources */,
				CE06E00B1DE3EA800075CD00 /* ViewController.m in Sources */,
				CE06E0111DE3EA800075CD00 /* _.xcdatamodeld in Sources */,
				CE06E0081DE3EA800075CD00 /* AppDelegate.m in Sources */,
				CE06E0471DE3ED780075CD00 /* FMDatabase.m in Sources */,
				0463B08C1E5D8DC100E6985C /* MBProgressHUD.m in Sources */,
				CE06E04B1DE3ED780075CD00 /* FMResultSet.m in Sources */,
				CE06E0051DE3EA800075CD00 /* main.m in Sources */,
				CE06E0491DE3ED780075CD00 /* FMDatabasePool.m in Sources */,
				CE06E0481DE3ED780075CD00 /* FMDatabaseAdditions.m in Sources */,
				CE06E0461DE3ED780075CD00 /* DBManager.m in Sources */,
				CE34C3291DFE9766006728E3 /* FourthViewController.m in Sources */,
				CE06E04A1DE3ED780075CD00 /* FMDatabaseQueue.m in Sources */,
			);
			runOnlyForDeploymentPostprocessing = 0;
		};
		CE06E0181DE3EA800075CD00 /* Sources */ = {
			isa = PBXSourcesBuildPhase;
			buildActionMask = 2147483647;
			files = (
				CE06E0211DE3EA800075CD00 /* _Tests.m in Sources */,
			);
			runOnlyForDeploymentPostprocessing = 0;
		};
		CE06E0231DE3EA800075CD00 /* Sources */ = {
			isa = PBXSourcesBuildPhase;
			buildActionMask = 2147483647;
			files = (
				CE06E02C1DE3EA800075CD00 /* _UITests.m in Sources */,
			);
			runOnlyForDeploymentPostprocessing = 0;
		};
/* End PBXSourcesBuildPhase section */

/* Begin PBXTargetDependency section */
		CE06E01E1DE3EA800075CD00 /* PBXTargetDependency */ = {
			isa = PBXTargetDependency;
			target = CE06DFFF1DE3EA800075CD00 /* 集 */;
			targetProxy = CE06E01D1DE3EA800075CD00 /* PBXContainerItemProxy */;
		};
		CE06E0291DE3EA800075CD00 /* PBXTargetDependency */ = {
			isa = PBXTargetDependency;
			target = CE06DFFF1DE3EA800075CD00 /* 集 */;
			targetProxy = CE06E0281DE3EA800075CD00 /* PBXContainerItemProxy */;
		};
/* End PBXTargetDependency section */

/* Begin PBXVariantGroup section */
		CE06E00C1DE3EA800075CD00 /* Main.storyboard */ = {
			isa = PBXVariantGroup;
			children = (
				CE06E00D1DE3EA800075CD00 /* Base */,
			);
			name = Main.storyboard;
			sourceTree = "<group>";
		};
		CE06E0141DE3EA800075CD00 /* LaunchScreen.storyboard */ = {
			isa = PBXVariantGroup;
			children = (
				CE06E0151DE3EA800075CD00 /* Base */,
			);
			name = LaunchScreen.storyboard;
			sourceTree = "<group>";
		};
/* End PBXVariantGroup section */

/* Begin XCBuildConfiguration section */
		CE06E02E1DE3EA800075CD00 /* Debug */ = {
			isa = XCBuildConfiguration;
			buildSettings = {
				ALWAYS_SEARCH_USER_PATHS = NO;
				CLANG_ANALYZER_NONNULL = YES;
				CLANG_CXX_LANGUAGE_STANDARD = "gnu++0x";
				CLANG_CXX_LIBRARY = "libc++";
				CLANG_ENABLE_MODULES = YES;
				CLANG_ENABLE_OBJC_ARC = YES;
				CLANG_WARN_BOOL_CONVERSION = YES;
				CLANG_WARN_CONSTANT_CONVERSION = YES;
				CLANG_WARN_DIRECT_OBJC_ISA_USAGE = YES_ERROR;
				CLANG_WARN_EMPTY_BODY = YES;
				CLANG_WARN_ENUM_CONVERSION = YES;
				CLANG_WARN_INT_CONVERSION = YES;
				CLANG_WARN_OBJC_ROOT_CLASS = YES_ERROR;
				CLANG_WARN_UNREACHABLE_CODE = YES;
				CLANG_WARN__DUPLICATE_METHOD_MATCH = YES;
				"CODE_SIGN_IDENTITY[sdk=iphoneos*]" = "iPhone Developer";
				COPY_PHASE_STRIP = NO;
				DEBUG_INFORMATION_FORMAT = dwarf;
				ENABLE_STRICT_OBJC_MSGSEND = YES;
				ENABLE_TESTABILITY = YES;
				GCC_C_LANGUAGE_STANDARD = gnu99;
				GCC_DYNAMIC_NO_PIC = NO;
				GCC_NO_COMMON_BLOCKS = YES;
				GCC_OPTIMIZATION_LEVEL = 0;
				GCC_PREPROCESSOR_DEFINITIONS = (
					"DEBUG=1",
					"$(inherited)",
				);
				GCC_WARN_64_TO_32_BIT_CONVERSION = YES;
				GCC_WARN_ABOUT_RETURN_TYPE = YES_ERROR;
				GCC_WARN_UNDECLARED_SELECTOR = YES;
				GCC_WARN_UNINITIALIZED_AUTOS = YES_AGGRESSIVE;
				GCC_WARN_UNUSED_FUNCTION = YES;
				GCC_WARN_UNUSED_VARIABLE = YES;
				IPHONEOS_DEPLOYMENT_TARGET = 9.3;
				MTL_ENABLE_DEBUG_INFO = YES;
				ONLY_ACTIVE_ARCH = YES;
				SDKROOT = iphoneos;
			};
			name = Debug;
		};
		CE06E02F1DE3EA800075CD00 /* Release */ = {
			isa = XCBuildConfiguration;
			buildSettings = {
				ALWAYS_SEARCH_USER_PATHS = NO;
				CLANG_ANALYZER_NONNULL = YES;
				CLANG_CXX_LANGUAGE_STANDARD = "gnu++0x";
				CLANG_CXX_LIBRARY = "libc++";
				CLANG_ENABLE_MODULES = YES;
				CLANG_ENABLE_OBJC_ARC = YES;
				CLANG_WARN_BOOL_CONVERSION = YES;
				CLANG_WARN_CONSTANT_CONVERSION = YES;
				CLANG_WARN_DIRECT_OBJC_ISA_USAGE = YES_ERROR;
				CLANG_WARN_EMPTY_BODY = YES;
				CLANG_WARN_ENUM_CONVERSION = YES;
				CLANG_WARN_INT_CONVERSION = YES;
				CLANG_WARN_OBJC_ROOT_CLASS = YES_ERROR;
				CLANG_WARN_UNREACHABLE_CODE = YES;
				CLANG_WARN__DUPLICATE_METHOD_MATCH = YES;
				"CODE_SIGN_IDENTITY[sdk=iphoneos*]" = "iPhone Developer";
				COPY_PHASE_STRIP = NO;
				DEBUG_INFORMATION_FORMAT = "dwarf-with-dsym";
				ENABLE_NS_ASSERTIONS = NO;
				ENABLE_STRICT_OBJC_MSGSEND = YES;
				GCC_C_LANGUAGE_STANDARD = gnu99;
				GCC_NO_COMMON_BLOCKS = YES;
				GCC_WARN_64_TO_32_BIT_CONVERSION = YES;
				GCC_WARN_ABOUT_RETURN_TYPE = YES_ERROR;
				GCC_WARN_UNDECLARED_SELECTOR = YES;
				GCC_WARN_UNINITIALIZED_AUTOS = YES_AGGRESSIVE;
				GCC_WARN_UNUSED_FUNCTION = YES;
				GCC_WARN_UNUSED_VARIABLE = YES;
				IPHONEOS_DEPLOYMENT_TARGET = 9.3;
				MTL_ENABLE_DEBUG_INFO = NO;
				SDKROOT = iphoneos;
				VALIDATE_PRODUCT = YES;
			};
			name = Release;
		};
		CE06E0311DE3EA800075CD00 /* Debug */ = {
			isa = XCBuildConfiguration;
			buildSettings = {
				ASSETCATALOG_COMPILER_APPICON_NAME = AppIcon;
				CODE_SIGN_IDENTITY = "iPhone Developer";
				INFOPLIST_FILE = "集/Info.plist";
				LD_RUNPATH_SEARCH_PATHS = "$(inherited) @executable_path/Frameworks";
				PRODUCT_BUNDLE_IDENTIFIER = "TL.-";
				PRODUCT_NAME = "$(TARGET_NAME)";
			};
			name = Debug;
		};
		CE06E0321DE3EA800075CD00 /* Release */ = {
			isa = XCBuildConfiguration;
			buildSettings = {
				ASSETCATALOG_COMPILER_APPICON_NAME = AppIcon;
				CODE_SIGN_IDENTITY = "iPhone Developer";
				INFOPLIST_FILE = "集/Info.plist";
				LD_RUNPATH_SEARCH_PATHS = "$(inherited) @executable_path/Frameworks";
				PRODUCT_BUNDLE_IDENTIFIER = "TL.-";
				PRODUCT_NAME = "$(TARGET_NAME)";
			};
			name = Release;
		};
		CE06E0341DE3EA800075CD00 /* Debug */ = {
			isa = XCBuildConfiguration;
			buildSettings = {
				BUNDLE_LOADER = "$(TEST_HOST)";
				INFOPLIST_FILE = "集Tests/Info.plist";
				LD_RUNPATH_SEARCH_PATHS = "$(inherited) @executable_path/Frameworks @loader_path/Frameworks";
				PRODUCT_BUNDLE_IDENTIFIER = "TL.-Tests";
				PRODUCT_NAME = "$(TARGET_NAME)";
				TEST_HOST = "$(BUILT_PRODUCTS_DIR)/集.app/集";
			};
			name = Debug;
		};
		CE06E0351DE3EA800075CD00 /* Release */ = {
			isa = XCBuildConfiguration;
			buildSettings = {
				BUNDLE_LOADER = "$(TEST_HOST)";
				INFOPLIST_FILE = "集Tests/Info.plist";
				LD_RUNPATH_SEARCH_PATHS = "$(inherited) @executable_path/Frameworks @loader_path/Frameworks";
				PRODUCT_BUNDLE_IDENTIFIER = "TL.-Tests";
				PRODUCT_NAME = "$(TARGET_NAME)";
				TEST_HOST = "$(BUILT_PRODUCTS_DIR)/集.app/集";
			};
			name = Release;
		};
		CE06E0371DE3EA800075CD00 /* Debug */ = {
			isa = XCBuildConfiguration;
			buildSettings = {
				INFOPLIST_FILE = "集UITests/Info.plist";
				LD_RUNPATH_SEARCH_PATHS = "$(inherited) @executable_path/Frameworks @loader_path/Frameworks";
				PRODUCT_BUNDLE_IDENTIFIER = "TL.-UITests";
				PRODUCT_NAME = "$(TARGET_NAME)";
				TEST_TARGET_NAME = "集";
			};
			name = Debug;
		};
		CE06E0381DE3EA800075CD00 /* Release */ = {
			isa = XCBuildConfiguration;
			buildSettings = {
				INFOPLIST_FILE = "集UITests/Info.plist";
				LD_RUNPATH_SEARCH_PATHS = "$(inherited) @executable_path/Frameworks @loader_path/Frameworks";
				PRODUCT_BUNDLE_IDENTIFIER = "TL.-UITests";
				PRODUCT_NAME = "$(TARGET_NAME)";
				TEST_TARGET_NAME = "集";
			};
			name = Release;
		};
/* End XCBuildConfiguration section */

/* Begin XCConfigurationList section */
		CE06DFFB1DE3EA800075CD00 /* Build configuration list for PBXProject "集" */ = {
			isa = XCConfigurationList;
			buildConfigurations = (
				CE06E02E1DE3EA800075CD00 /* Debug */,
				CE06E02F1DE3EA800075CD00 /* Release */,
			);
			defaultConfigurationIsVisible = 0;
			defaultConfigurationName = Release;
		};
		CE06E0301DE3EA800075CD00 /* Build configuration list for PBXNativeTarget "集" */ = {
			isa = XCConfigurationList;
			buildConfigurations = (
				CE06E0311DE3EA800075CD00 /* Debug */,
				CE06E0321DE3EA800075CD00 /* Release */,
			);
			defaultConfigurationIsVisible = 0;
			defaultConfigurationName = Release;
		};
		CE06E0331DE3EA800075CD00 /* Build configuration list for PBXNativeTarget "集Tests" */ = {
			isa = XCConfigurationList;
			buildConfigurations = (
				CE06E0341DE3EA800075CD00 /* Debug */,
				CE06E0351DE3EA800075CD00 /* Release */,
			);
			defaultConfigurationIsVisible = 0;
			defaultConfigurationName = Release;
		};
		CE06E0361DE3EA800075CD00 /* Build configuration list for PBXNativeTarget "集UITests" */ = {
			isa = XCConfigurationList;
			buildConfigurations = (
				CE06E0371DE3EA800075CD00 /* Debug */,
				CE06E0381DE3EA800075CD00 /* Release */,
			);
			defaultConfigurationIsVisible = 0;
			defaultConfigurationName = Release;
		};
/* End XCConfigurationList section */

/* Begin XCVersionGroup section */
		CE06E00F1DE3EA800075CD00 /* _.xcdatamodeld */ = {
			isa = XCVersionGroup;
			children = (
				CE06E0101DE3EA800075CD00 /* _.xcdatamodel */,
			);
			currentVersion = CE06E0101DE3EA800075CD00 /* _.xcdatamodel */;
			path = _.xcdatamodeld;
			sourceTree = "<group>";
			versionGroupType = wrapper.xcdatamodel;
		};
/* End XCVersionGroup section */
	};
	rootObject = CE06DFF81DE3EA800075CD00 /* Project object */;
}
